
Microsoft Visual Studio Solution File, Format Version 12.00
# Visual Studio Version 17
VisualStudioVersion = 17.9.34728.123
MinimumVisualStudioVersion = 10.0.40219.1
Project("{FAE04EC0-301F-11D3-BF4B-00C04F79EFBC}") = "ContosoUniversity", "ContosoUniversity\ContosoUniversity.csproj", "{86EEE10B-9602-472D-B962-BB103687095D}"
EndProject
Global
	GlobalSection(SolutionConfigurationPlatforms) = preSolution
		Debug|Any CPU = Debug|Any CPU
		Release|Any CPU = Release|Any CPU
	EndGlobalSection
	GlobalSection(ProjectConfigurationPlatforms) = postSolution
		{86EEE10B-9602-472D-B962-BB103687095D}.Debug|Any CPU.ActiveCfg = Debug|Any CPU
		{86EEE10B-9602-472D-B962-BB103687095D}.Debug|Any CPU.Build.0 = Debug|Any CPU
		{86EEE10B-9602-472D-B962-BB103687095D}.Release|Any CPU.ActiveCfg = Release|Any CPU
		{86EEE10B-9602-472D-B962-BB103687095D}.Release|Any CPU.Build.0 = Release|Any CPU
	EndGlobalSection
	GlobalSection(SolutionProperties) = preSolution
		HideSolutionNode = FALSE
	EndGlobalSection
	GlobalSection(ExtensibilityGlobals) = postSolution
		SolutionGuid = {2B077054-DEC3-41A0-85E8-5A091FB6415C}
	EndGlobalSection
EndGlobal
